{
  "name": "example-typescript-function",
  "version": "0.0.1",
  "lockfileVersion": 3,
  "requires": true,
  "packages": {
    "": {
      "name": "example-typescript-function",
      "version": "0.0.1",
      "devDependencies": {
        "@types/node": "^18",
        "sf-fx-sdk-nodejs": "^3.1.0",
        "typescript": "^4.2.4"
      },
      "engines": {
        "node": "^18"
      }
    },
    "node_modules/@types/node": {
      "version": "18.18.6",
      "resolved": "https://registry.npmjs.org/@types/node/-/node-18.18.6.tgz",
      "integrity": "sha512-wf3Vz+jCmOQ2HV1YUJuCWdL64adYxumkrxtc+H1VUQlnQI04+5HtH+qZCOE21lBE7gIrt+CwX2Wv8Acrw5Ak6w==",
      "dev": true
    },
    "node_modules/sf-fx-sdk-nodejs": {
      "version": "3.1.0",
      "resolved": "https://registry.npmjs.org/sf-fx-sdk-nodejs/-/sf-fx-sdk-nodejs-3.1.0.tgz",
      "integrity": "sha512-o05DJNHwFIMa+DRmFd7ypMw7jIclu1ud/gRkuMb2GVoSx4OBYDQ8r6MD8AT+ectrj7cGmUpmTYuXxw0AvgcrIA==",
      "deprecated": "This package has been deprecated in favor of @heroku/sf-fx-runtime-nodejs, see https://github.com/forcedotcom/sf-fx-sdk-nodejs",
      "dev": true
    },
    "node_modules/typescript": {
      "version": "4.9.5",
      "resolved": "https://registry.npmjs.org/typescript/-/typescript-4.9.5.tgz",
      "integrity": "sha512-1FXk9E2Hm+QzZQ7z+McJiHL4NW1F2EzMu9Nq9i3zAaGqibafqYwCVU6WyWAuyQRRzOlxou8xZSyXLEN8oKj24g==",
      "dev": true,
      "bin": {
        "tsc": "bin/tsc",
        "tsserver": "bin/tsserver"
      },
      "engines": {
        "node": ">=4.2.0"
      }
    }
  }
}
